
Microsoft Visual Studio Solution File, Format Version 12.00
# Visual Studio 15
VisualStudioVersion = 15.0.26124.0
MinimumVisualStudioVersion = 15.0.26124.0
Project("{FAE04EC0-301F-11D3-BF4B-00C04F79EFBC}") = "GovLib.ProPublica", "GovLib.ProPublica\GovLib.ProPublica.csproj", "{887290F7-4DE8-46A0-834D-EB1701A6999F}"
EndProject
Project("{FAE04EC0-301F-11D3-BF4B-00C04F79EFBC}") = "GovLib.Core", "GovLib.Core\GovLib.Core.csproj", "{FD843EFF-441C-43A4-8064-6DD6E177029F}"
EndProject
Project("{FAE04EC0-301F-11D3-BF4B-00C04F79EFBC}") = "GovLib.Tests", "GovLib.Tests\GovLib.Tests.csproj", "{7B7B8C37-C0C4-4FBE-9B4A-9A4C5F101E8B}"
EndProject
Project("{FAE04EC0-301F-11D3-BF4B-00C04F79EFBC}") = "GovLib", "GovLib\GovLib.csproj", "{C31FDD01-16DE-41D1-ABFA-349E114193E8}"
EndProject
Global
	GlobalSection(SolutionConfigurationPlatforms) = preSolution
		Debug|Any CPU = Debug|Any CPU
		Debug|x64 = Debug|x64
		Debug|x86 = Debug|x86
		Release|Any CPU = Release|Any CPU
		Release|x64 = Release|x64
		Release|x86 = Release|x86
	EndGlobalSection
	GlobalSection(SolutionProperties) = preSolution
		HideSolutionNode = FALSE
	EndGlobalSection
	GlobalSection(ProjectConfigurationPlatforms) = postSolution
		{887290F7-4DE8-46A0-834D-EB1701A6999F}.Debug|Any CPU.ActiveCfg = Debug|Any CPU
		{887290F7-4DE8-46A0-834D-EB1701A6999F}.Debug|Any CPU.Build.0 = Debug|Any CPU
		{887290F7-4DE8-46A0-834D-EB1701A6999F}.Debug|x64.ActiveCfg = Debug|x64
		{887290F7-4DE8-46A0-834D-EB1701A6999F}.Debug|x64.Build.0 = Debug|x64
		{887290F7-4DE8-46A0-834D-EB1701A6999F}.Debug|x86.ActiveCfg = Debug|x86
		{887290F7-4DE8-46A0-834D-EB1701A6999F}.Debug|x86.Build.0 = Debug|x86
		{887290F7-4DE8-46A0-834D-EB1701A6999F}.Release|Any CPU.ActiveCfg = Release|Any CPU
		{887290F7-4DE8-46A0-834D-EB1701A6999F}.Release|Any CPU.Build.0 = Release|Any CPU
		{887290F7-4DE8-46A0-834D-EB1701A6999F}.Release|x64.ActiveCfg = Release|x64
		{887290F7-4DE8-46A0-834D-EB1701A6999F}.Release|x64.Build.0 = Release|x64
		{887290F7-4DE8-46A0-834D-EB1701A6999F}.Release|x86.ActiveCfg = Release|x86
		{887290F7-4DE8-46A0-834D-EB1701A6999F}.Release|x86.Build.0 = Release|x86
		{93AD562E-EB03-4581-A93C-0A696B387A59}.Debug|Any CPU.ActiveCfg = Debug|Any CPU
		{93AD562E-EB03-4581-A93C-0A696B387A59}.Debug|Any CPU.Build.0 = Debug|Any CPU
		{93AD562E-EB03-4581-A93C-0A696B387A59}.Debug|x64.ActiveCfg = Debug|x64
		{93AD562E-EB03-4581-A93C-0A696B387A59}.Debug|x64.Build.0 = Debug|x64
		{93AD562E-EB03-4581-A93C-0A696B387A59}.Debug|x86.ActiveCfg = Debug|x86
		{93AD562E-EB03-4581-A93C-0A696B387A59}.Debug|x86.Build.0 = Debug|x86
		{93AD562E-EB03-4581-A93C-0A696B387A59}.Release|Any CPU.ActiveCfg = Release|Any CPU
		{93AD562E-EB03-4581-A93C-0A696B387A59}.Release|Any CPU.Build.0 = Release|Any CPU
		{93AD562E-EB03-4581-A93C-0A696B387A59}.Release|x64.ActiveCfg = Release|x64
		{93AD562E-EB03-4581-A93C-0A696B387A59}.Release|x64.Build.0 = Release|x64
		{93AD562E-EB03-4581-A93C-0A696B387A59}.Release|x86.ActiveCfg = Release|x86
		{93AD562E-EB03-4581-A93C-0A696B387A59}.Release|x86.Build.0 = Release|x86
		{00BB4CBF-BC05-4722-AFAA-66B8F820A3D0}.Debug|Any CPU.ActiveCfg = Debug|Any CPU
		{00BB4CBF-BC05-4722-AFAA-66B8F820A3D0}.Debug|Any CPU.Build.0 = Debug|Any CPU
		{00BB4CBF-BC05-4722-AFAA-66B8F820A3D0}.Debug|x64.ActiveCfg = Debug|x64
		{00BB4CBF-BC05-4722-AFAA-66B8F820A3D0}.Debug|x64.Build.0 = Debug|x64
		{00BB4CBF-BC05-4722-AFAA-66B8F820A3D0}.Debug|x86.ActiveCfg = Debug|x86
		{00BB4CBF-BC05-4722-AFAA-66B8F820A3D0}.Debug|x86.Build.0 = Debug|x86
		{00BB4CBF-BC05-4722-AFAA-66B8F820A3D0}.Release|Any CPU.ActiveCfg = Release|Any CPU
		{00BB4CBF-BC05-4722-AFAA-66B8F820A3D0}.Release|Any CPU.Build.0 = Release|Any CPU
		{00BB4CBF-BC05-4722-AFAA-66B8F820A3D0}.Release|x64.ActiveCfg = Release|x64
		{00BB4CBF-BC05-4722-AFAA-66B8F820A3D0}.Release|x64.Build.0 = Release|x64
		{00BB4CBF-BC05-4722-AFAA-66B8F820A3D0}.Release|x86.ActiveCfg = Release|x86
		{00BB4CBF-BC05-4722-AFAA-66B8F820A3D0}.Release|x86.Build.0 = Release|x86
		{FD843EFF-441C-43A4-8064-6DD6E177029F}.Debug|Any CPU.ActiveCfg = Debug|Any CPU
		{FD843EFF-441C-43A4-8064-6DD6E177029F}.Debug|Any CPU.Build.0 = Debug|Any CPU
		{FD843EFF-441C-43A4-8064-6DD6E177029F}.Debug|x64.ActiveCfg = Debug|x64
		{FD843EFF-441C-43A4-8064-6DD6E177029F}.Debug|x64.Build.0 = Debug|x64
		{FD843EFF-441C-43A4-8064-6DD6E177029F}.Debug|x86.ActiveCfg = Debug|x86
		{FD843EFF-441C-43A4-8064-6DD6E177029F}.Debug|x86.Build.0 = Debug|x86
		{FD843EFF-441C-43A4-8064-6DD6E177029F}.Release|Any CPU.ActiveCfg = Release|Any CPU
		{FD843EFF-441C-43A4-8064-6DD6E177029F}.Release|Any CPU.Build.0 = Release|Any CPU
		{FD843EFF-441C-43A4-8064-6DD6E177029F}.Release|x64.ActiveCfg = Release|x64
		{FD843EFF-441C-43A4-8064-6DD6E177029F}.Release|x64.Build.0 = Release|x64
		{FD843EFF-441C-43A4-8064-6DD6E177029F}.Release|x86.ActiveCfg = Release|x86
		{FD843EFF-441C-43A4-8064-6DD6E177029F}.Release|x86.Build.0 = Release|x86
		{7B7B8C37-C0C4-4FBE-9B4A-9A4C5F101E8B}.Debug|Any CPU.ActiveCfg = Debug|Any CPU
		{7B7B8C37-C0C4-4FBE-9B4A-9A4C5F101E8B}.Debug|Any CPU.Build.0 = Debug|Any CPU
		{7B7B8C37-C0C4-4FBE-9B4A-9A4C5F101E8B}.Debug|x64.ActiveCfg = Debug|x64
		{7B7B8C37-C0C4-4FBE-9B4A-9A4C5F101E8B}.Debug|x64.Build.0 = Debug|x64
		{7B7B8C37-C0C4-4FBE-9B4A-9A4C5F101E8B}.Debug|x86.ActiveCfg = Debug|x86
		{7B7B8C37-C0C4-4FBE-9B4A-9A4C5F101E8B}.Debug|x86.Build.0 = Debug|x86
		{7B7B8C37-C0C4-4FBE-9B4A-9A4C5F101E8B}.Release|Any CPU.ActiveCfg = Release|Any CPU
		{7B7B8C37-C0C4-4FBE-9B4A-9A4C5F101E8B}.Release|Any CPU.Build.0 = Release|Any CPU
		{7B7B8C37-C0C4-4FBE-9B4A-9A4C5F101E8B}.Release|x64.ActiveCfg = Release|x64
		{7B7B8C37-C0C4-4FBE-9B4A-9A4C5F101E8B}.Release|x64.Build.0 = Release|x64
		{7B7B8C37-C0C4-4FBE-9B4A-9A4C5F101E8B}.Release|x86.ActiveCfg = Release|x86
		{7B7B8C37-C0C4-4FBE-9B4A-9A4C5F101E8B}.Release|x86.Build.0 = Release|x86
		{C31FDD01-16DE-41D1-ABFA-349E114193E8}.Debug|Any CPU.ActiveCfg = Debug|Any CPU
		{C31FDD01-16DE-41D1-ABFA-349E114193E8}.Debug|Any CPU.Build.0 = Debug|Any CPU
		{C31FDD01-16DE-41D1-ABFA-349E114193E8}.Debug|x64.ActiveCfg = Debug|x64
		{C31FDD01-16DE-41D1-ABFA-349E114193E8}.Debug|x64.Build.0 = Debug|x64
		{C31FDD01-16DE-41D1-ABFA-349E114193E8}.Debug|x86.ActiveCfg = Debug|x86
		{C31FDD01-16DE-41D1-ABFA-349E114193E8}.Debug|x86.Build.0 = Debug|x86
		{C31FDD01-16DE-41D1-ABFA-349E114193E8}.Release|Any CPU.ActiveCfg = Release|Any CPU
		{C31FDD01-16DE-41D1-ABFA-349E114193E8}.Release|Any CPU.Build.0 = Release|Any CPU
		{C31FDD01-16DE-41D1-ABFA-349E114193E8}.Release|x64.ActiveCfg = Release|x64
		{C31FDD01-16DE-41D1-ABFA-349E114193E8}.Release|x64.Build.0 = Release|x64
		{C31FDD01-16DE-41D1-ABFA-349E114193E8}.Release|x86.ActiveCfg = Release|x86
		{C31FDD01-16DE-41D1-ABFA-349E114193E8}.Release|x86.Build.0 = Release|x86
	EndGlobalSection
EndGlobal
